
Microsoft Visual Studio Solution File, Format Version 12.00
# Visual Studio 14
VisualStudioVersion = 14.0.25420.1
MinimumVisualStudioVersion = 10.0.40219.1
Project("{159641D6-6404-4A2A-AE62-294DE0FE8301}") = "My First SSIS Project", "My First SSIS Project\My First SSIS Project.dtproj", "{81C84E6F-7A05-45C6-AEBE-3A84904E01C6}"
EndProject
Global
	GlobalSection(SolutionConfigurationPlatforms) = preSolution
		Development|Default = Development|Default
	EndGlobalSection
	GlobalSection(ProjectConfigurationPlatforms) = postSolution
		{81C84E6F-7A05-45C6-AEBE-3A84904E01C6}.Development|Default.ActiveCfg = Development
		{81C84E6F-7A05-45C6-AEBE-3A84904E01C6}.Development|Default.Build.0 = Development
	EndGlobalSection
	GlobalSection(SolutionProperties) = preSolution
		HideSolutionNode = FALSE
	EndGlobalSection
EndGlobal
